<?xml version="1.0" encoding="utf-8"?>
<Project ToolsVersion="16.0" xmlns="http://schemas.microsoft.com/developer/msbuild/2003">
  <ItemGroup>
    <CustomBuild Include="C:\WOW\WOW-0330\mangos-tbc-master\bin\BuildDir\CMakeFiles\e0577cc7421219b0fdbb00576e7e5a09\INSTALL_force.rule">
      <Filter>CMake Rules</Filter>
    </CustomBuild>
  </ItemGroup>
  <ItemGroup>
    <Filter Include="CMake Rules">
      <UniqueIdentifier>{B43EEFBB-53CF-3BD4-B3F1-52868B2D07DC}</UniqueIdentifier>
    </Filter>
  </ItemGroup>
</Project>
